// !$*UTF8*$!
{
	archiveVersion = 1;
	classes = {
	};
	objectVersion = 55;
	objects = {

/* Begin PBXBuildFile section */
		15FB03BA28B9BC4F00785C98 /* AppDelegate.swift in Sources */ = {isa = PBXBuildFile; fileRef = 15FB03B928B9BC4F00785C98 /* AppDelegate.swift */; };
		15FB03BC28B9BC4F00785C98 /* SceneDelegate.swift in Sources */ = {isa = PBXBuildFile; fileRef = 15FB03BB28B9BC4F00785C98 /* SceneDelegate.swift */; };
		15FB03BE28B9BC4F00785C98 /* ViewController.swift in Sources */ = {isa = PBXBuildFile; fileRef = 15FB03BD28B9BC4F00785C98 /* ViewController.swift */; };
		15FB03C128B9BC4F00785C98 /* Main.storyboard in Resources */ = {isa = PBXBuildFile; fileRef = 15FB03BF28B9BC4F00785C98 /* Main.storyboard */; };
		15FB03C328B9BC5000785C98 /* Assets.xcassets in Resources */ = {isa = PBXBuildFile; fileRef = 15FB03C228B9BC5000785C98 /* Assets.xcassets */; };
		15FB03C628B9BC5000785C98 /* LaunchScreen.storyboard in Resources */ = {isa = PBXBuildFile; fileRef = 15FB03C428B9BC5000785C98 /* LaunchScreen.storyboard */; };
		15FB03D128B9BC5100785C98 /* My_Tip_Calculator_ProjectTests.swift in Sources */ = {isa = PBXBuildFile; fileRef = 15FB03D028B9BC5100785C98 /* My_Tip_Calculator_ProjectTests.swift */; };
		15FB03DB28B9BC5100785C98 /* My_Tip_Calculator_ProjectUITests.swift in Sources */ = {isa = PBXBuildFile; fileRef = 15FB03DA28B9BC5100785C98 /* My_Tip_Calculator_ProjectUITests.swift */; };
		15FB03DD28B9BC5100785C98 /* My_Tip_Calculator_ProjectUITestsLaunchTests.swift in Sources */ = {isa = PBXBuildFile; fileRef = 15FB03DC28B9BC5100785C98 /* My_Tip_Calculator_ProjectUITestsLaunchTests.swift */; };
/* End PBXBuildFile section */

/* Begin PBXContainerItemProxy section */
		15FB03CD28B9BC5100785C98 /* PBXContainerItemProxy */ = {
			isa = PBXContainerItemProxy;
			containerPortal = 15FB03AE28B9BC4F00785C98 /* Project object */;
			proxyType = 1;
			remoteGlobalIDString = 15FB03B528B9BC4F00785C98;
			remoteInfo = "My Tip Calculator Project";
		};
		15FB03D728B9BC5100785C98 /* PBXContainerItemProxy */ = {
			isa = PBXContainerItemProxy;
			containerPortal = 15FB03AE28B9BC4F00785C98 /* Project object */;
			proxyType = 1;
			remoteGlobalIDString = 15FB03B528B9BC4F00785C98;
			remoteInfo = "My Tip Calculator Project";
		};
/* End PBXContainerItemProxy section */

/* Begin PBXFileReference section */
		15FB03B628B9BC4F00785C98 /* My Tip Calculator Project.app */ = {isa = PBXFileReference; explicitFileType = wrapper.application; includeInIndex = 0; path = "My Tip Calculator Project.app"; sourceTree = BUILT_PRODUCTS_DIR; };
		15FB03B928B9BC4F00785C98 /* AppDelegate.swift */ = {isa = PBXFileReference; lastKnownFileType = sourcecode.swift; path = AppDelegate.swift; sourceTree = "<group>"; };
		15FB03BB28B9BC4F00785C98 /* SceneDelegate.swift */ = {isa = PBXFileReference; lastKnownFileType = sourcecode.swift; path = SceneDelegate.swift; sourceTree = "<group>"; };
		15FB03BD28B9BC4F00785C98 /* ViewController.swift */ = {isa = PBXFileReference; lastKnownFileType = sourcecode.swift; path = ViewController.swift; sourceTree = "<group>"; };
		15FB03C028B9BC4F00785C98 /* Base */ = {isa = PBXFileReference; lastKnownFileType = file.storyboard; name = Base; path = Base.lproj/Main.storyboard; sourceTree = "<group>"; };
		15FB03C228B9BC5000785C98 /* Assets.xcassets */ = {isa = PBXFileReference; lastKnownFileType = folder.assetcatalog; path = Assets.xcassets; sourceTree = "<group>"; };
		15FB03C528B9BC5000785C98 /* Base */ = {isa = PBXFileReference; lastKnownFileType = file.storyboard; name = Base; path = Base.lproj/LaunchScreen.storyboard; sourceTree = "<group>"; };
		15FB03C728B9BC5000785C98 /* Info.plist */ = {isa = PBXFileReference; lastKnownFileType = text.plist.xml; path = Info.plist; sourceTree = "<group>"; };
		15FB03CC28B9BC5100785C98 /* My Tip Calculator ProjectTests.xctest */ = {isa = PBXFileReference; explicitFileType = wrapper.cfbundle; includeInIndex = 0; path = "My Tip Calculator ProjectTests.xctest"; sourceTree = BUILT_PRODUCTS_DIR; };
		15FB03D028B9BC5100785C98 /* My_Tip_Calculator_ProjectTests.swift */ = {isa = PBXFileReference; lastKnownFileType = sourcecode.swift; path = My_Tip_Calculator_ProjectTests.swift; sourceTree = "<group>"; };
		15FB03D628B9BC5100785C98 /* My Tip Calculator ProjectUITests.xctest */ = {isa = PBXFileReference; explicitFileType = wrapper.cfbundle; includeInIndex = 0; path = "My Tip Calculator ProjectUITests.xctest"; sourceTree = BUILT_PRODUCTS_DIR; };
		15FB03DA28B9BC5100785C98 /* My_Tip_Calculator_ProjectUITests.swift */ = {isa = PBXFileReference; lastKnownFileType = sourcecode.swift; path = My_Tip_Calculator_ProjectUITests.swift; sourceTree = "<group>"; };
		15FB03DC28B9BC5100785C98 /* My_Tip_Calculator_ProjectUITestsLaunchTests.swift */ = {isa = PBXFileReference; lastKnownFileType = sourcecode.swift; path = My_Tip_Calculator_ProjectUITestsLaunchTests.swift; sourceTree = "<group>"; };
/* End PBXFileReference section */

/* Begin PBXFrameworksBuildPhase section */
		15FB03B328B9BC4F00785C98 /* Frameworks */ = {
			isa = PBXFrameworksBuildPhase;
			buildActionMask = 2147483647;
			files = (
			);
			runOnlyForDeploymentPostprocessing = 0;
		};
		15FB03C928B9BC5100785C98 /* Frameworks */ = {
			isa = PBXFrameworksBuildPhase;
			buildActionMask = 2147483647;
			files = (
			);
			runOnlyForDeploymentPostprocessing = 0;
		};
		15FB03D328B9BC5100785C98 /* Frameworks */ = {
			isa = PBXFrameworksBuildPhase;
			buildActionMask = 2147483647;
			files = (
			);
			runOnlyForDeploymentPostprocessing = 0;
		};
/* End PBXFrameworksBuildPhase section */

/* Begin PBXGroup section */
		15FB03AD28B9BC4F00785C98 = {
			isa = PBXGroup;
			children = (
				15FB03B828B9BC4F00785C98 /* My Tip Calculator Project */,
				15FB03CF28B9BC5100785C98 /* My Tip Calculator ProjectTests */,
				15FB03D928B9BC5100785C98 /* My Tip Calculator ProjectUITests */,
				15FB03B728B9BC4F00785C98 /* Products */,
			);
			sourceTree = "<group>";
		};
		15FB03B728B9BC4F00785C98 /* Products */ = {
			isa = PBXGroup;
			children = (
				15FB03B628B9BC4F00785C98 /* My Tip Calculator Project.app */,
				15FB03CC28B9BC5100785C98 /* My Tip Calculator ProjectTests.xctest */,
				15FB03D628B9BC5100785C98 /* My Tip Calculator ProjectUITests.xctest */,
			);
			name = Products;
			sourceTree = "<group>";
		};
		15FB03B828B9BC4F00785C98 /* My Tip Calculator Project */ = {
			isa = PBXGroup;
			children = (
				15FB03B928B9BC4F00785C98 /* AppDelegate.swift */,
				15FB03BB28B9BC4F00785C98 /* SceneDelegate.swift */,
				15FB03BD28B9BC4F00785C98 /* ViewController.swift */,
				15FB03BF28B9BC4F00785C98 /* Main.storyboard */,
				15FB03C228B9BC5000785C98 /* Assets.xcassets */,
				15FB03C428B9BC5000785C98 /* LaunchScreen.storyboard */,
				15FB03C728B9BC5000785C98 /* Info.plist */,
			);
			path = "My Tip Calculator Project";
			sourceTree = "<group>";
		};
		15FB03CF28B9BC5100785C98 /* My Tip Calculator ProjectTests */ = {
			isa = PBXGroup;
			children = (
				15FB03D028B9BC5100785C98 /* My_Tip_Calculator_ProjectTests.swift */,
			);
			path = "My Tip Calculator ProjectTests";
			sourceTree = "<group>";
		};
		15FB03D928B9BC5100785C98 /* My Tip Calculator ProjectUITests */ = {
			isa = PBXGroup;
			children = (
				15FB03DA28B9BC5100785C98 /* My_Tip_Calculator_ProjectUITests.swift */,
				15FB03DC28B9BC5100785C98 /* My_Tip_Calculator_ProjectUITestsLaunchTests.swift */,
			);
			path = "My Tip Calculator ProjectUITests";
			sourceTree = "<group>";
		};
/* End PBXGroup section */

/* Begin PBXNativeTarget section */
		15FB03B528B9BC4F00785C98 /* My Tip Calculator Project */ = {
			isa = PBXNativeTarget;
			buildConfigurationList = 15FB03E028B9BC5100785C98 /* Build configuration list for PBXNativeTarget "My Tip Calculator Project" */;
			buildPhases = (
				15FB03B228B9BC4F00785C98 /* Sources */,
				15FB03B328B9BC4F00785C98 /* Frameworks */,
				15FB03B428B9BC4F00785C98 /* Resources */,
			);
			buildRules = (
			);
			dependencies = (
			);
			name = "My Tip Calculator Project";
			productName = "My Tip Calculator Project";
			productReference = 15FB03B628B9BC4F00785C98 /* My Tip Calculator Project.app */;
			productType = "com.apple.product-type.application";
		};
		15FB03CB28B9BC5100785C98 /* My Tip Calculator ProjectTests */ = {
			isa = PBXNativeTarget;
			buildConfigurationList = 15FB03E328B9BC5100785C98 /* Build configuration list for PBXNativeTarget "My Tip Calculator ProjectTests" */;
			buildPhases = (
				15FB03C828B9BC5100785C98 /* Sources */,
				15FB03C928B9BC5100785C98 /* Frameworks */,
				15FB03CA28B9BC5100785C98 /* Resources */,
			);
			buildRules = (
			);
			dependencies = (
				15FB03CE28B9BC5100785C98 /* PBXTargetDependency */,
			);
			name = "My Tip Calculator ProjectTests";
			productName = "My Tip Calculator ProjectTests";
			productReference = 15FB03CC28B9BC5100785C98 /* My Tip Calculator ProjectTests.xctest */;
			productType = "com.apple.product-type.bundle.unit-test";
		};
		15FB03D528B9BC5100785C98 /* My Tip Calculator ProjectUITests */ = {
			isa = PBXNativeTarget;
			buildConfigurationList = 15FB03E628B9BC5100785C98 /* Build configuration list for PBXNativeTarget "My Tip Calculator ProjectUITests" */;
			buildPhases = (
				15FB03D228B9BC5100785C98 /* Sources */,
				15FB03D328B9BC5100785C98 /* Frameworks */,
				15FB03D428B9BC5100785C98 /* Resources */,
			);
			buildRules = (
			);
			dependencies = (
				15FB03D828B9BC5100785C98 /* PBXTargetDependency */,
			);
			name = "My Tip Calculator ProjectUITests";
			productName = "My Tip Calculator ProjectUITests";
			productReference = 15FB03D628B9BC5100785C98 /* My Tip Calculator ProjectUITests.xctest */;
			productType = "com.apple.product-type.bundle.ui-testing";
		};
/* End PBXNativeTarget section */

/* Begin PBXProject section */
		15FB03AE28B9BC4F00785C98 /* Project object */ = {
			isa = PBXProject;
			attributes = {
				BuildIndependentTargetsInParallel = 1;
				LastSwiftUpdateCheck = 1340;
				LastUpgradeCheck = 1340;
				TargetAttributes = {
					15FB03B528B9BC4F00785C98 = {
						CreatedOnToolsVersion = 13.4.1;
					};
					15FB03CB28B9BC5100785C98 = {
						CreatedOnToolsVersion = 13.4.1;
						TestTargetID = 15FB03B528B9BC4F00785C98;
					};
					15FB03D528B9BC5100785C98 = {
						CreatedOnToolsVersion = 13.4.1;
						TestTargetID = 15FB03B528B9BC4F00785C98;
					};
				};
			};
			buildConfigurationList = 15FB03B128B9BC4F00785C98 /* Build configuration list for PBXProject "My Tip Calculator Project" */;
			compatibilityVersion = "Xcode 13.0";
			developmentRegion = en;
			hasScannedForEncodings = 0;
			knownRegions = (
				en,
				Base,
			);
			mainGroup = 15FB03AD28B9BC4F00785C98;
			productRefGroup = 15FB03B728B9BC4F00785C98 /* Products */;
			projectDirPath = "";
			projectRoot = "";
			targets = (
				15FB03B528B9BC4F00785C98 /* My Tip Calculator Project */,
				15FB03CB28B9BC5100785C98 /* My Tip Calculator ProjectTests */,
				15FB03D528B9BC5100785C98 /* My Tip Calculator ProjectUITests */,
			);
		};
/* End PBXProject section */

/* Begin PBXResourcesBuildPhase section */
		15FB03B428B9BC4F00785C98 /* Resources */ = {
			isa = PBXResourcesBuildPhase;
			buildActionMask = 2147483647;
			files = (
				15FB03C628B9BC5000785C98 /* LaunchScreen.storyboard in Resources */,
				15FB03C328B9BC5000785C98 /* Assets.xcassets in Resources */,
				15FB03C128B9BC4F00785C98 /* Main.storyboard in Resources */,
			);
			runOnlyForDeploymentPostprocessing = 0;
		};
		15FB03CA28B9BC5100785C98 /* Resources */ = {
			isa = PBXResourcesBuildPhase;
			buildActionMask = 2147483647;
			files = (
			);
			runOnlyForDeploymentPostprocessing = 0;
		};
		15FB03D428B9BC5100785C98 /* Resources */ = {
			isa = PBXResourcesBuildPhase;
			buildActionMask = 2147483647;
			files = (
			);
			runOnlyForDeploymentPostprocessing = 0;
		};
/* End PBXResourcesBuildPhase section */

/* Begin PBXSourcesBuildPhase section */
		15FB03B228B9BC4F00785C98 /* Sources */ = {
			isa = PBXSourcesBuildPhase;
			buildActionMask = 2147483647;
			files = (
				15FB03BE28B9BC4F00785C98 /* ViewController.swift in Sources */,
				15FB03BA28B9BC4F00785C98 /* AppDelegate.swift in Sources */,
				15FB03BC28B9BC4F00785C98 /* SceneDelegate.swift in Sources */,
			);
			runOnlyForDeploymentPostprocessing = 0;
		};
		15FB03C828B9BC5100785C98 /* Sources */ = {
			isa = PBXSourcesBuildPhase;
			buildActionMask = 2147483647;
			files = (
				15FB03D128B9BC5100785C98 /* My_Tip_Calculator_ProjectTests.swift in Sources */,
			);
			runOnlyForDeploymentPostprocessing = 0;
		};
		15FB03D228B9BC5100785C98 /* Sources */ = {
			isa = PBXSourcesBuildPhase;
			buildActionMask = 2147483647;
			files = (
				15FB03DD28B9BC5100785C98 /* My_Tip_Calculator_ProjectUITestsLaunchTests.swift in Sources */,
				15FB03DB28B9BC5100785C98 /* My_Tip_Calculator_ProjectUITests.swift in Sources */,
			);
			runOnlyForDeploymentPostprocessing = 0;
		};
/* End PBXSourcesBuildPhase section */

/* Begin PBXTargetDependency section */
		15FB03CE28B9BC5100785C98 /* PBXTargetDependency */ = {
			isa = PBXTargetDependency;
			target = 15FB03B528B9BC4F00785C98 /* My Tip Calculator Project */;
			targetProxy = 15FB03CD28B9BC5100785C98 /* PBXContainerItemProxy */;
		};
		15FB03D828B9BC5100785C98 /* PBXTargetDependency */ = {
			isa = PBXTargetDependency;
			target = 15FB03B528B9BC4F00785C98 /* My Tip Calculator Project */;
			targetProxy = 15FB03D728B9BC5100785C98 /* PBXContainerItemProxy */;
		};
/* End PBXTargetDependency section */

/* Begin PBXVariantGroup section */
		15FB03BF28B9BC4F00785C98 /* Main.storyboard */ = {
			isa = PBXVariantGroup;
			children = (
				15FB03C028B9BC4F00785C98 /* Base */,
			);
			name = Main.storyboard;
			sourceTree = "<group>";
		};
		15FB03C428B9BC5000785C98 /* LaunchScreen.storyboard */ = {
			isa = PBXVariantGroup;
			children = (
				15FB03C528B9BC5000785C98 /* Base */,
			);
			name = LaunchScreen.storyboard;
			sourceTree = "<group>";
		};
/* End PBXVariantGroup section */

/* Begin XCBuildConfiguration section */
		15FB03DE28B9BC5100785C98 /* Debug */ = {
			isa = XCBuildConfiguration;
			buildSettings = {
				ALWAYS_SEARCH_USER_PATHS = NO;
				CLANG_ANALYZER_NONNULL = YES;
				CLANG_ANALYZER_NUMBER_OBJECT_CONVERSION = YES_AGGRESSIVE;
				CLANG_CXX_LANGUAGE_STANDARD = "gnu++17";
				CLANG_ENABLE_MODULES = YES;
				CLANG_ENABLE_OBJC_ARC = YES;
				CLANG_ENABLE_OBJC_WEAK = YES;
				CLANG_WARN_BLOCK_CAPTURE_AUTORELEASING = YES;
				CLANG_WARN_BOOL_CONVERSION = YES;
				CLANG_WARN_COMMA = YES;
				CLANG_WARN_CONSTANT_CONVERSION = YES;
				CLANG_WARN_DEPRECATED_OBJC_IMPLEMENTATIONS = YES;
				CLANG_WARN_DIRECT_OBJC_ISA_USAGE = YES_ERROR;
				CLANG_WARN_DOCUMENTATION_COMMENTS = YES;
				CLANG_WARN_EMPTY_BODY = YES;
				CLANG_WARN_ENUM_CONVERSION = YES;
				CLANG_WARN_INFINITE_RECURSION = YES;
				CLANG_WARN_INT_CONVERSION = YES;
				CLANG_WARN_NON_LITERAL_NULL_CONVERSION = YES;
				CLANG_WARN_OBJC_IMPLICIT_RETAIN_SELF = YES;
				CLANG_WARN_OBJC_LITERAL_CONVERSION = YES;
				CLANG_WARN_OBJC_ROOT_CLASS = YES_ERROR;
				CLANG_WARN_QUOTED_INCLUDE_IN_FRAMEWORK_HEADER = YES;
				CLANG_WARN_RANGE_LOOP_ANALYSIS = YES;
				CLANG_WARN_STRICT_PROTOTYPES = YES;
				CLANG_WARN_SUSPICIOUS_MOVE = YES;
				CLANG_WARN_UNGUARDED_AVAILABILITY = YES_AGGRESSIVE;
				CLANG_WARN_UNREACHABLE_CODE = YES;
				CLANG_WARN__DUPLICATE_METHOD_MATCH = YES;
				COPY_PHASE_STRIP = NO;
				DEBUG_INFORMATION_FORMAT = dwarf;
				ENABLE_STRICT_OBJC_MSGSEND = YES;
				ENABLE_TESTABILITY = YES;
				GCC_C_LANGUAGE_STANDARD = gnu11;
				GCC_DYNAMIC_NO_PIC = NO;
				GCC_NO_COMMON_BLOCKS = YES;
				GCC_OPTIMIZATION_LEVEL = 0;
				GCC_PREPROCESSOR_DEFINITIONS = (
					"DEBUG=1",
					"$(inherited)",
				);
				GCC_WARN_64_TO_32_BIT_CONVERSION = YES;
				GCC_WARN_ABOUT_RETURN_TYPE = YES_ERROR;
				GCC_WARN_UNDECLARED_SELECTOR = YES;
				GCC_WARN_UNINITIALIZED_AUTOS = YES_AGGRESSIVE;
				GCC_WARN_UNUSED_FUNCTION = YES;
				GCC_WARN_UNUSED_VARIABLE = YES;
				IPHONEOS_DEPLOYMENT_TARGET = 15.5;
				MTL_ENABLE_DEBUG_INFO = INCLUDE_SOURCE;
				MTL_FAST_MATH = YES;
				ONLY_ACTIVE_ARCH = YES;
				SDKROOT = iphoneos;
				SWIFT_ACTIVE_COMPILATION_CONDITIONS = DEBUG;
				SWIFT_OPTIMIZATION_LEVEL = "-Onone";
			};
			name = Debug;
		};
		15FB03DF28B9BC5100785C98 /* Release */ = {
			isa = XCBuildConfiguration;
			buildSettings = {
				ALWAYS_SEARCH_USER_PATHS = NO;
				CLANG_ANALYZER_NONNULL = YES;
				CLANG_ANALYZER_NUMBER_OBJECT_CONVERSION = YES_AGGRESSIVE;
				CLANG_CXX_LANGUAGE_STANDARD = "gnu++17";
				CLANG_ENABLE_MODULES = YES;
				CLANG_ENABLE_OBJC_ARC = YES;
				CLANG_ENABLE_OBJC_WEAK = YES;
				CLANG_WARN_BLOCK_CAPTURE_AUTORELEASING = YES;
				CLANG_WARN_BOOL_CONVERSION = YES;
				CLANG_WARN_COMMA = YES;
				CLANG_WARN_CONSTANT_CONVERSION = YES;
				CLANG_WARN_DEPRECATED_OBJC_IMPLEMENTATIONS = YES;
				CLANG_WARN_DIRECT_OBJC_ISA_USAGE = YES_ERROR;
				CLANG_WARN_DOCUMENTATION_COMMENTS = YES;
				CLANG_WARN_EMPTY_BODY = YES;
				CLANG_WARN_ENUM_CONVERSION = YES;
				CLANG_WARN_INFINITE_RECURSION = YES;
				CLANG_WARN_INT_CONVERSION = YES;
				CLANG_WARN_NON_LITERAL_NULL_CONVERSION = YES;
				CLANG_WARN_OBJC_IMPLICIT_RETAIN_SELF = YES;
				CLANG_WARN_OBJC_LITERAL_CONVERSION = YES;
				CLANG_WARN_OBJC_ROOT_CLASS = YES_ERROR;
				CLANG_WARN_QUOTED_INCLUDE_IN_FRAMEWORK_HEADER = YES;
				CLANG_WARN_RANGE_LOOP_ANALYSIS = YES;
				CLANG_WARN_STRICT_PROTOTYPES = YES;
				CLANG_WARN_SUSPICIOUS_MOVE = YES;
				CLANG_WARN_UNGUARDED_AVAILABILITY = YES_AGGRESSIVE;
				CLANG_WARN_UNREACHABLE_CODE = YES;
				CLANG_WARN__DUPLICATE_METHOD_MATCH = YES;
				COPY_PHASE_STRIP = NO;
				DEBUG_INFORMATION_FORMAT = "dwarf-with-dsym";
				ENABLE_NS_ASSERTIONS = NO;
				ENABLE_STRICT_OBJC_MSGSEND = YES;
				GCC_C_LANGUAGE_STANDARD = gnu11;
				GCC_NO_COMMON_BLOCKS = YES;
				GCC_WARN_64_TO_32_BIT_CONVERSION = YES;
				GCC_WARN_ABOUT_RETURN_TYPE = YES_ERROR;
				GCC_WARN_UNDECLARED_SELECTOR = YES;
				GCC_WARN_UNINITIALIZED_AUTOS = YES_AGGRESSIVE;
				GCC_WARN_UNUSED_FUNCTION = YES;
				GCC_WARN_UNUSED_VARIABLE = YES;
				IPHONEOS_DEPLOYMENT_TARGET = 15.5;
				MTL_ENABLE_DEBUG_INFO = NO;
				MTL_FAST_MATH = YES;
				SDKROOT = iphoneos;
				SWIFT_COMPILATION_MODE = wholemodule;
				SWIFT_OPTIMIZATION_LEVEL = "-O";
				VALIDATE_PRODUCT = YES;
			};
			name = Release;
		};
		15FB03E128B9BC5100785C98 /* Debug */ = {
			isa = XCBuildConfiguration;
			buildSettings = {
				ASSETCATALOG_COMPILER_APPICON_NAME = AppIcon;
				ASSETCATALOG_COMPILER_GLOBAL_ACCENT_COLOR_NAME = AccentColor;
				CODE_SIGN_STYLE = Automatic;
				CURRENT_PROJECT_VERSION = 1;
				GENERATE_INFOPLIST_FILE = YES;
				INFOPLIST_FILE = "My Tip Calculator Project/Info.plist";
				INFOPLIST_KEY_UIApplicationSupportsIndirectInputEvents = YES;
				INFOPLIST_KEY_UILaunchStoryboardName = LaunchScreen;
				INFOPLIST_KEY_UIMainStoryboardFile = Main;
				INFOPLIST_KEY_UISupportedInterfaceOrientations = "UIInterfaceOrientationPortrait UIInterfaceOrientationLandscapeRight UIInterfaceOrientationLandscapeLeft";
				INFOPLIST_KEY_UISupportedInterfaceOrientations_iPad = "UIInterfaceOrientationPortrait UIInterfaceOrientationPortraitUpsideDown UIInterfaceOrientationLandscapeLeft UIInterfaceOrientationLandscapeRight";
				INFOPLIST_KEY_UISupportedInterfaceOrientations_iPhone = "UIInterfaceOrientationPortrait UIInterfaceOrientationLandscapeLeft UIInterfaceOrientationLandscapeRight";
				LD_RUNPATH_SEARCH_PATHS = (
					"$(inherited)",
					"@executable_path/Frameworks",
				);
				MARKETING_VERSION = 1.0;
				PRODUCT_BUNDLE_IDENTIFIER = "com.codewithMichelle.My-Tip-Calculator-Project";
				PRODUCT_NAME = "$(TARGET_NAME)";
				SWIFT_EMIT_LOC_STRINGS = YES;
				SWIFT_VERSION = 5.0;
				TARGETED_DEVICE_FAMILY = "1,2";
			};
			name = Debug;
		};
		15FB03E228B9BC5100785C98 /* Release */ = {
			isa = XCBuildConfiguration;
			buildSettings = {
				ASSETCATALOG_COMPILER_APPICON_NAME = AppIcon;
				ASSETCATALOG_COMPILER_GLOBAL_ACCENT_COLOR_NAME = AccentColor;
				CODE_SIGN_STYLE = Automatic;
				CURRENT_PROJECT_VERSION = 1;
				GENERATE_INFOPLIST_FILE = YES;
				INFOPLIST_FILE = "My Tip Calculator Project/Info.plist";
				INFOPLIST_KEY_UIApplicationSupportsIndirectInputEvents = YES;
				INFOPLIST_KEY_UILaunchStoryboardName = LaunchScreen;
				INFOPLIST_KEY_UIMainStoryboardFile = Main;
				INFOPLIST_KEY_UISupportedInterfaceOrientations = "UIInterfaceOrientationPortrait UIInterfaceOrientationLandscapeRight UIInterfaceOrientationLandscapeLeft";
				INFOPLIST_KEY_UISupportedInterfaceOrientations_iPad = "UIInterfaceOrientationPortrait UIInterfaceOrientationPortraitUpsideDown UIInterfaceOrientationLandscapeLeft UIInterfaceOrientationLandscapeRight";
				INFOPLIST_KEY_UISupportedInterfaceOrientations_iPhone = "UIInterfaceOrientationPortrait UIInterfaceOrientationLandscapeLeft UIInterfaceOrientationLandscapeRight";
				LD_RUNPATH_SEARCH_PATHS = (
					"$(inherited)",
					"@executable_path/Frameworks",
				);
				MARKETING_VERSION = 1.0;
				PRODUCT_BUNDLE_IDENTIFIER = "com.codewithMichelle.My-Tip-Calculator-Project";
				PRODUCT_NAME = "$(TARGET_NAME)";
				SWIFT_EMIT_LOC_STRINGS = YES;
				SWIFT_VERSION = 5.0;
				TARGETED_DEVICE_FAMILY = "1,2";
			};
			name = Release;
		};
		15FB03E428B9BC5100785C98 /* Debug */ = {
			isa = XCBuildConfiguration;
			buildSettings = {
				ALWAYS_EMBED_SWIFT_STANDARD_LIBRARIES = YES;
				BUNDLE_LOADER = "$(TEST_HOST)";
				CODE_SIGN_STYLE = Automatic;
				CURRENT_PROJECT_VERSION = 1;
				GENERATE_INFOPLIST_FILE = YES;
				IPHONEOS_DEPLOYMENT_TARGET = 15.5;
				MARKETING_VERSION = 1.0;
				PRODUCT_BUNDLE_IDENTIFIER = "com.codewithMichelle.My-Tip-Calculator-ProjectTests";
				PRODUCT_NAME = "$(TARGET_NAME)";
				SWIFT_EMIT_LOC_STRINGS = NO;
				SWIFT_VERSION = 5.0;
				TARGETED_DEVICE_FAMILY = "1,2";
				TEST_HOST = "$(BUILT_PRODUCTS_DIR)/My Tip Calculator Project.app/My Tip Calculator Project";
			};
			name = Debug;
		};
		15FB03E528B9BC5100785C98 /* Release */ = {
			isa = XCBuildConfiguration;
			buildSettings = {
				ALWAYS_EMBED_SWIFT_STANDARD_LIBRARIES = YES;
				BUNDLE_LOADER = "$(TEST_HOST)";
				CODE_SIGN_STYLE = Automatic;
				CURRENT_PROJECT_VERSION = 1;
				GENERATE_INFOPLIST_FILE = YES;
				IPHONEOS_DEPLOYMENT_TARGET = 15.5;
				MARKETING_VERSION = 1.0;
				PRODUCT_BUNDLE_IDENTIFIER = "com.codewithMichelle.My-Tip-Calculator-ProjectTests";
				PRODUCT_NAME = "$(TARGET_NAME)";
				SWIFT_EMIT_LOC_STRINGS = NO;
				SWIFT_VERSION = 5.0;
				TARGETED_DEVICE_FAMILY = "1,2";
				TEST_HOST = "$(BUILT_PRODUCTS_DIR)/My Tip Calculator Project.app/My Tip Calculator Project";
			};
			name = Release;
		};
		15FB03E728B9BC5100785C98 /* Debug */ = {
			isa = XCBuildConfiguration;
			buildSettings = {
				ALWAYS_EMBED_SWIFT_STANDARD_LIBRARIES = YES;
				CODE_SIGN_STYLE = Automatic;
				CURRENT_PROJECT_VERSION = 1;
				GENERATE_INFOPLIST_FILE = YES;
				MARKETING_VERSION = 1.0;
				PRODUCT_BUNDLE_IDENTIFIER = "com.codewithMichelle.My-Tip-Calculator-ProjectUITests";
				PRODUCT_NAME = "$(TARGET_NAME)";
				SWIFT_EMIT_LOC_STRINGS = NO;
				SWIFT_VERSION = 5.0;
				TARGETED_DEVICE_FAMILY = "1,2";
				TEST_TARGET_NAME = "My Tip Calculator Project";
			};
			name = Debug;
		};
		15FB03E828B9BC5100785C98 /* Release */ = {
			isa = XCBuildConfiguration;
			buildSettings = {
				ALWAYS_EMBED_SWIFT_STANDARD_LIBRARIES = YES;
				CODE_SIGN_STYLE = Automatic;
				CURRENT_PROJECT_VERSION = 1;
				GENERATE_INFOPLIST_FILE = YES;
				MARKETING_VERSION = 1.0;
				PRODUCT_BUNDLE_IDENTIFIER = "com.codewithMichelle.My-Tip-Calculator-ProjectUITests";
				PRODUCT_NAME = "$(TARGET_NAME)";
				SWIFT_EMIT_LOC_STRINGS = NO;
				SWIFT_VERSION = 5.0;
				TARGETED_DEVICE_FAMILY = "1,2";
				TEST_TARGET_NAME = "My Tip Calculator Project";
			};
			name = Release;
		};
/* End XCBuildConfiguration section */

/* Begin XCConfigurationList section */
		15FB03B128B9BC4F00785C98 /* Build configuration list for PBXProject "My Tip Calculator Project" */ = {
			isa = XCConfigurationList;
			buildConfigurations = (
				15FB03DE28B9BC5100785C98 /* Debug */,
				15FB03DF28B9BC5100785C98 /* Release */,
			);
			defaultConfigurationIsVisible = 0;
			defaultConfigurationName = Release;
		};
		15FB03E028B9BC5100785C98 /* Build configuration list for PBXNativeTarget "My Tip Calculator Project" */ = {
			isa = XCConfigurationList;
			buildConfigurations = (
				15FB03E128B9BC5100785C98 /* Debug */,
				15FB03E228B9BC5100785C98 /* Release */,
			);
			defaultConfigurationIsVisible = 0;
			defaultConfigurationName = Release;
		};
		15FB03E328B9BC5100785C98 /* Build configuration list for PBXNativeTarget "My Tip Calculator ProjectTests" */ = {
			isa = XCConfigurationList;
			buildConfigurations = (
				15FB03E428B9BC5100785C98 /* Debug */,
				15FB03E528B9BC5100785C98 /* Release */,
			);
			defaultConfigurationIsVisible = 0;
			defaultConfigurationName = Release;
		};
		15FB03E628B9BC5100785C98 /* Build configuration list for PBXNativeTarget "My Tip Calculator ProjectUITests" */ = {
			isa = XCConfigurationList;
			buildConfigurations = (
				15FB03E728B9BC5100785C98 /* Debug */,
				15FB03E828B9BC5100785C98 /* Release */,
			);
			defaultConfigurationIsVisible = 0;
			defaultConfigurationName = Release;
		};
/* End XCConfigurationList section */
	};
	rootObject = 15FB03AE28B9BC4F00785C98 /* Project object */;
}
